<?xml version="1.0" encoding="utf-8"?>
<Project ToolsVersion="4.0" xmlns="http://schemas.microsoft.com/developer/msbuild/2003">
  <ItemGroup>
    <Filter Include="소스 파일">
      <UniqueIdentifier>{4FC737F1-C7A5-4376-A066-2A32D752A2FF}</UniqueIdentifier>
      <Extensions>cpp;c;cc;cxx;c++;cppm;ixx;def;odl;idl;hpj;bat;asm;asmx</Extensions>
    </Filter>
    <Filter Include="리소스 파일">
      <UniqueIdentifier>{67DA6AB6-F800-4c08-8B7A-83BB121AAD01}</UniqueIdentifier>
      <Extensions>rc;ico;cur;bmp;dlg;rc2;rct;bin;rgs;gif;jpg;jpeg;jpe;resx;tiff;tif;png;wav;mfcribbon-ms</Extensions>
    </Filter>
    <Filter Include="소스 파일\헤더 파일">
      <UniqueIdentifier>{93995380-89BD-4b04-88EB-625FBE52EBFB}</UniqueIdentifier>
      <Extensions>h;hh;hpp;hxx;h++;hm;inl;inc;ipp;xsd</Extensions>
    </Filter>
    <Filter Include="소스 파일\Programmers">
      <UniqueIdentifier>{4d766cd2-6141-46a2-8f21-9c11cd372354}</UniqueIdentifier>
    </Filter>
  </ItemGroup>
  <ItemGroup>
    <ClCompile Include="Programmers\Level2\최소값만들기.cpp">
      <Filter>소스 파일</Filter>
    </ClCompile>
    <ClCompile Include="Programmers\Level2\기능개발.cpp">
      <Filter>소스 파일</Filter>
    </ClCompile>
    <ClCompile Include="Programmers\Level2\조이스틱.cpp">
      <Filter>소스 파일</Filter>
    </ClCompile>
    <ClCompile Include="Programmers\Level2\프린터.cpp">
      <Filter>소스 파일</Filter>
    </ClCompile>
    <ClCompile Include="Programmers\Level2\삼각달팽이.cpp">
      <Filter>소스 파일</Filter>
    </ClCompile>
    <ClCompile Include="Programmers\Level2\튜플.cpp">
      <Filter>소스 파일</Filter>
    </ClCompile>
    <ClCompile Include="Programmers\Level2\괄호회전하기.cpp">
      <Filter>소스 파일</Filter>
    </ClCompile>
    <ClCompile Include="Programmers\Level2\숫자의표현.cpp">
      <Filter>소스 파일</Filter>
    </ClCompile>
    <ClCompile Include="Programmers\Level2\최댓값과최솟값.cpp">
      <Filter>소스 파일</Filter>
    </ClCompile>
    <ClCompile Include="Programmers\Level2\행렬의곱셈.cpp">
      <Filter>소스 파일</Filter>
    </ClCompile>
    <ClCompile Include="Programmers\Level2\짝지어제거하기.cpp">
      <Filter>소스 파일</Filter>
    </ClCompile>
    <ClCompile Include="Programmers\Level2\피로도.cpp">
      <Filter>소스 파일</Filter>
    </ClCompile>
    <ClCompile Include="Programmers\Level2\캐시.cpp">
      <Filter>소스 파일</Filter>
    </ClCompile>
    <ClCompile Include="Programmers\Level2\영어끝말잇기.cpp">
      <Filter>소스 파일</Filter>
    </ClCompile>
    <ClCompile Include="Programmers\Level2\뉴스클러스터링.cpp">
      <Filter>소스 파일</Filter>
    </ClCompile>
    <ClCompile Include="Programmers\Level2\124나라의숫자.cpp">
      <Filter>소스 파일</Filter>
    </ClCompile>
    <ClCompile Include="Programmers\Level2\예상대진표.cpp">
      <Filter>소스 파일</Filter>
    </ClCompile>
    <ClCompile Include="Programmers\Level2\카카오프렌즈컬러링북.cpp">
      <Filter>소스 파일</Filter>
    </ClCompile>
    <ClCompile Include="Programmers\Level2\땅따먹기.cpp">
      <Filter>소스 파일</Filter>
    </ClCompile>
    <ClCompile Include="Programmers\Level2\위장.cpp">
      <Filter>소스 파일</Filter>
    </ClCompile>
    <ClCompile Include="Programmers\Level2\거리두기확인하기.cpp">
      <Filter>소스 파일</Filter>
    </ClCompile>
    <ClCompile Include="Programmers\Level2\주식가격.cpp">
      <Filter>소스 파일</Filter>
    </ClCompile>
    <ClCompile Include="Programmers\Level2\이진변환반복하기.cpp">
      <Filter>소스 파일</Filter>
    </ClCompile>
    <ClCompile Include="Programmers\Level2\게임맵최단거리.cpp">
      <Filter>소스 파일</Filter>
    </ClCompile>
    <ClCompile Include="Programmers\Level2\n진수게임.cpp">
      <Filter>소스 파일</Filter>
    </ClCompile>
    <ClCompile Include="Programmers\Level2\행렬테두리회전하기.cpp">
      <Filter>소스 파일</Filter>
    </ClCompile>
    <ClCompile Include="Programmers\Level2\가장먼노드.cpp">
      <Filter>소스 파일</Filter>
    </ClCompile>
    <ClCompile Include="Programmers\Level3\여행경로.cpp">
      <Filter>소스 파일</Filter>
    </ClCompile>
    <ClCompile Include="Baekjoon\1922_네트워크연결.cpp">
      <Filter>소스 파일</Filter>
    </ClCompile>
    <ClCompile Include="Programmers\Level2\N번째의최소공배수cpp.cpp">
      <Filter>소스 파일</Filter>
    </ClCompile>
    <ClCompile Include="Programmers\Level2\피보나치수.cpp">
      <Filter>소스 파일</Filter>
    </ClCompile>
    <ClCompile Include="Programmers\Level2\구명보트.cpp">
      <Filter>소스 파일</Filter>
    </ClCompile>
    <ClCompile Include="Programmers\Level2\스킬트리.cpp">
      <Filter>소스 파일</Filter>
    </ClCompile>
  </ItemGroup>
  <ItemGroup>
    <None Include=".editorconfig" />
  </ItemGroup>
</Project>